// !$*UTF8*$!
{
	archiveVersion = 1;
	classes = {
	};
	objectVersion = 50;
	objects = {

/* Begin PBXBuildFile section */
		F028520D25D5FF5B009FEB11 /* AppDelegate.swift in Sources */ = {isa = PBXBuildFile; fileRef = F028520C25D5FF5B009FEB11 /* AppDelegate.swift */; };
		F028520F25D5FF5B009FEB11 /* SceneDelegate.swift in Sources */ = {isa = PBXBuildFile; fileRef = F028520E25D5FF5B009FEB11 /* SceneDelegate.swift */; };
		F028521125D5FF5B009FEB11 /* ViewController.swift in Sources */ = {isa = PBXBuildFile; fileRef = F028521025D5FF5B009FEB11 /* ViewController.swift */; };
		F028521425D5FF5B009FEB11 /* Main.storyboard in Resources */ = {isa = PBXBuildFile; fileRef = F028521225D5FF5B009FEB11 /* Main.storyboard */; };
		F028521625D5FF5C009FEB11 /* Assets.xcassets in Resources */ = {isa = PBXBuildFile; fileRef = F028521525D5FF5C009FEB11 /* Assets.xcassets */; };
		F028521925D5FF5C009FEB11 /* LaunchScreen.storyboard in Resources */ = {isa = PBXBuildFile; fileRef = F028521725D5FF5C009FEB11 /* LaunchScreen.storyboard */; };
/* End PBXBuildFile section */

/* Begin PBXFileReference section */
		F028520925D5FF5B009FEB11 /* Form2FlyMLKitTest.app */ = {isa = PBXFileReference; explicitFileType = wrapper.application; includeInIndex = 0; path = Form2FlyMLKitTest.app; sourceTree = BUILT_PRODUCTS_DIR; };
		F028520C25D5FF5B009FEB11 /* AppDelegate.swift */ = {isa = PBXFileReference; lastKnownFileType = sourcecode.swift; path = AppDelegate.swift; sourceTree = "<group>"; };
		F028520E25D5FF5B009FEB11 /* SceneDelegate.swift */ = {isa = PBXFileReference; lastKnownFileType = sourcecode.swift; path = SceneDelegate.swift; sourceTree = "<group>"; };
		F028521025D5FF5B009FEB11 /* ViewController.swift */ = {isa = PBXFileReference; lastKnownFileType = sourcecode.swift; path = ViewController.swift; sourceTree = "<group>"; };
		F028521325D5FF5B009FEB11 /* Base */ = {isa = PBXFileReference; lastKnownFileType = file.storyboard; name = Base; path = Base.lproj/Main.storyboard; sourceTree = "<group>"; };
		F028521525D5FF5C009FEB11 /* Assets.xcassets */ = {isa = PBXFileReference; lastKnownFileType = folder.assetcatalog; path = Assets.xcassets; sourceTree = "<group>"; };
		F028521825D5FF5C009FEB11 /* Base */ = {isa = PBXFileReference; lastKnownFileType = file.storyboard; name = Base; path = Base.lproj/LaunchScreen.storyboard; sourceTree = "<group>"; };
		F028521A25D5FF5C009FEB11 /* Info.plist */ = {isa = PBXFileReference; lastKnownFileType = text.plist.xml; path = Info.plist; sourceTree = "<group>"; };
/* End PBXFileReference section */

/* Begin PBXFrameworksBuildPhase section */
		F028520625D5FF5B009FEB11 /* Frameworks */ = {
			isa = PBXFrameworksBuildPhase;
			buildActionMask = 2147483647;
			files = (
			);
			runOnlyForDeploymentPostprocessing = 0;
		};
/* End PBXFrameworksBuildPhase section */

/* Begin PBXGroup section */
		F028520025D5FF5B009FEB11 = {
			isa = PBXGroup;
			children = (
				F028520B25D5FF5B009FEB11 /* Form2FlyMLKitTest */,
				F028520A25D5FF5B009FEB11 /* Products */,
			);
			sourceTree = "<group>";
		};
		F028520A25D5FF5B009FEB11 /* Products */ = {
			isa = PBXGroup;
			children = (
				F028520925D5FF5B009FEB11 /* Form2FlyMLKitTest.app */,
			);
			name = Products;
			sourceTree = "<group>";
		};
		F028520B25D5FF5B009FEB11 /* Form2FlyMLKitTest */ = {
			isa = PBXGroup;
			children = (
				F028520C25D5FF5B009FEB11 /* AppDelegate.swift */,
				F028520E25D5FF5B009FEB11 /* SceneDelegate.swift */,
				F028521025D5FF5B009FEB11 /* ViewController.swift */,
				F028521225D5FF5B009FEB11 /* Main.storyboard */,
				F028521525D5FF5C009FEB11 /* Assets.xcassets */,
				F028521725D5FF5C009FEB11 /* LaunchScreen.storyboard */,
				F028521A25D5FF5C009FEB11 /* Info.plist */,
			);
			path = Form2FlyMLKitTest;
			sourceTree = "<group>";
		};
/* End PBXGroup section */

/* Begin PBXNativeTarget section */
		F028520825D5FF5B009FEB11 /* Form2FlyMLKitTest */ = {
			isa = PBXNativeTarget;
			buildConfigurationList = F028521D25D5FF5C009FEB11 /* Build configuration list for PBXNativeTarget "Form2FlyMLKitTest" */;
			buildPhases = (
				F028520525D5FF5B009FEB11 /* Sources */,
				F028520625D5FF5B009FEB11 /* Frameworks */,
				F028520725D5FF5B009FEB11 /* Resources */,
			);
			buildRules = (
			);
			dependencies = (
			);
			name = Form2FlyMLKitTest;
			productName = Form2FlyMLKitTest;
			productReference = F028520925D5FF5B009FEB11 /* Form2FlyMLKitTest.app */;
			productType = "com.apple.product-type.application";
		};
/* End PBXNativeTarget section */

/* Begin PBXProject section */
		F028520125D5FF5B009FEB11 /* Project object */ = {
			isa = PBXProject;
			attributes = {
				LastSwiftUpdateCheck = 1240;
				LastUpgradeCheck = 1240;
				TargetAttributes = {
					F028520825D5FF5B009FEB11 = {
						CreatedOnToolsVersion = 12.4;
					};
				};
			};
			buildConfigurationList = F028520425D5FF5B009FEB11 /* Build configuration list for PBXProject "Form2FlyMLKitTest" */;
			compatibilityVersion = "Xcode 9.3";
			developmentRegion = en;
			hasScannedForEncodings = 0;
			knownRegions = (
				en,
				Base,
			);
			mainGroup = F028520025D5FF5B009FEB11;
			productRefGroup = F028520A25D5FF5B009FEB11 /* Products */;
			projectDirPath = "";
			projectRoot = "";
			targets = (
				F028520825D5FF5B009FEB11 /* Form2FlyMLKitTest */,
			);
		};
/* End PBXProject section */

/* Begin PBXResourcesBuildPhase section */
		F028520725D5FF5B009FEB11 /* Resources */ = {
			isa = PBXResourcesBuildPhase;
			buildActionMask = 2147483647;
			files = (
				F028521925D5FF5C009FEB11 /* LaunchScreen.storyboard in Resources */,
				F028521625D5FF5C009FEB11 /* Assets.xcassets in Resources */,
				F028521425D5FF5B009FEB11 /* Main.storyboard in Resources */,
			);
			runOnlyForDeploymentPostprocessing = 0;
		};
/* End PBXResourcesBuildPhase section */

/* Begin PBXSourcesBuildPhase section */
		F028520525D5FF5B009FEB11 /* Sources */ = {
			isa = PBXSourcesBuildPhase;
			buildActionMask = 2147483647;
			files = (
				F028521125D5FF5B009FEB11 /* ViewController.swift in Sources */,
				F028520D25D5FF5B009FEB11 /* AppDelegate.swift in Sources */,
				F028520F25D5FF5B009FEB11 /* SceneDelegate.swift in Sources */,
			);
			runOnlyForDeploymentPostprocessing = 0;
		};
/* End PBXSourcesBuildPhase section */

/* Begin PBXVariantGroup section */
		F028521225D5FF5B009FEB11 /* Main.storyboard */ = {
			isa = PBXVariantGroup;
			children = (
				F028521325D5FF5B009FEB11 /* Base */,
			);
			name = Main.storyboard;
			sourceTree = "<group>";
		};
		F028521725D5FF5C009FEB11 /* LaunchScreen.storyboard */ = {
			isa = PBXVariantGroup;
			children = (
				F028521825D5FF5C009FEB11 /* Base */,
			);
			name = LaunchScreen.storyboard;
			sourceTree = "<group>";
		};
/* End PBXVariantGroup section */

/* Begin XCBuildConfiguration section */
		F028521B25D5FF5C009FEB11 /* Debug */ = {
			isa = XCBuildConfiguration;
			buildSettings = {
				ALWAYS_SEARCH_USER_PATHS = NO;
				CLANG_ANALYZER_NONNULL = YES;
				CLANG_ANALYZER_NUMBER_OBJECT_CONVERSION = YES_AGGRESSIVE;
				CLANG_CXX_LANGUAGE_STANDARD = "gnu++14";
				CLANG_CXX_LIBRARY = "libc++";
				CLANG_ENABLE_MODULES = YES;
				CLANG_ENABLE_OBJC_ARC = YES;
				CLANG_ENABLE_OBJC_WEAK = YES;
				CLANG_WARN_BLOCK_CAPTURE_AUTORELEASING = YES;
				CLANG_WARN_BOOL_CONVERSION = YES;
				CLANG_WARN_COMMA = YES;
				CLANG_WARN_CONSTANT_CONVERSION = YES;
				CLANG_WARN_DEPRECATED_OBJC_IMPLEMENTATIONS = YES;
				CLANG_WARN_DIRECT_OBJC_ISA_USAGE = YES_ERROR;
				CLANG_WARN_DOCUMENTATION_COMMENTS = YES;
				CLANG_WARN_EMPTY_BODY = YES;
				CLANG_WARN_ENUM_CONVERSION = YES;
				CLANG_WARN_INFINITE_RECURSION = YES;
				CLANG_WARN_INT_CONVERSION = YES;
				CLANG_WARN_NON_LITERAL_NULL_CONVERSION = YES;
				CLANG_WARN_OBJC_IMPLICIT_RETAIN_SELF = YES;
				CLANG_WARN_OBJC_LITERAL_CONVERSION = YES;
				CLANG_WARN_OBJC_ROOT_CLASS = YES_ERROR;
				CLANG_WARN_QUOTED_INCLUDE_IN_FRAMEWORK_HEADER = YES;
				CLANG_WARN_RANGE_LOOP_ANALYSIS = YES;
				CLANG_WARN_STRICT_PROTOTYPES = YES;
				CLANG_WARN_SUSPICIOUS_MOVE = YES;
				CLANG_WARN_UNGUARDED_AVAILABILITY = YES_AGGRESSIVE;
				CLANG_WARN_UNREACHABLE_CODE = YES;
				CLANG_WARN__DUPLICATE_METHOD_MATCH = YES;
				COPY_PHASE_STRIP = NO;
				DEBUG_INFORMATION_FORMAT = dwarf;
				ENABLE_STRICT_OBJC_MSGSEND = YES;
				ENABLE_TESTABILITY = YES;
				GCC_C_LANGUAGE_STANDARD = gnu11;
				GCC_DYNAMIC_NO_PIC = NO;
				GCC_NO_COMMON_BLOCKS = YES;
				GCC_OPTIMIZATION_LEVEL = 0;
				GCC_PREPROCESSOR_DEFINITIONS = (
					"DEBUG=1",
					"$(inherited)",
				);
				GCC_WARN_64_TO_32_BIT_CONVERSION = YES;
				GCC_WARN_ABOUT_RETURN_TYPE = YES_ERROR;
				GCC_WARN_UNDECLARED_SELECTOR = YES;
				GCC_WARN_UNINITIALIZED_AUTOS = YES_AGGRESSIVE;
				GCC_WARN_UNUSED_FUNCTION = YES;
				GCC_WARN_UNUSED_VARIABLE = YES;
				IPHONEOS_DEPLOYMENT_TARGET = 14.4;
				MTL_ENABLE_DEBUG_INFO = INCLUDE_SOURCE;
				MTL_FAST_MATH = YES;
				ONLY_ACTIVE_ARCH = YES;
				SDKROOT = iphoneos;
				SWIFT_ACTIVE_COMPILATION_CONDITIONS = DEBUG;
				SWIFT_OPTIMIZATION_LEVEL = "-Onone";
			};
			name = Debug;
		};
		F028521C25D5FF5C009FEB11 /* Release */ = {
			isa = XCBuildConfiguration;
			buildSettings = {
				ALWAYS_SEARCH_USER_PATHS = NO;
				CLANG_ANALYZER_NONNULL = YES;
				CLANG_ANALYZER_NUMBER_OBJECT_CONVERSION = YES_AGGRESSIVE;
				CLANG_CXX_LANGUAGE_STANDARD = "gnu++14";
				CLANG_CXX_LIBRARY = "libc++";
				CLANG_ENABLE_MODULES = YES;
				CLANG_ENABLE_OBJC_ARC = YES;
				CLANG_ENABLE_OBJC_WEAK = YES;
				CLANG_WARN_BLOCK_CAPTURE_AUTORELEASING = YES;
				CLANG_WARN_BOOL_CONVERSION = YES;
				CLANG_WARN_COMMA = YES;
				CLANG_WARN_CONSTANT_CONVERSION = YES;
				CLANG_WARN_DEPRECATED_OBJC_IMPLEMENTATIONS = YES;
				CLANG_WARN_DIRECT_OBJC_ISA_USAGE = YES_ERROR;
				CLANG_WARN_DOCUMENTATION_COMMENTS = YES;
				CLANG_WARN_EMPTY_BODY = YES;
				CLANG_WARN_ENUM_CONVERSION = YES;
				CLANG_WARN_INFINITE_RECURSION = YES;
				CLANG_WARN_INT_CONVERSION = YES;
				CLANG_WARN_NON_LITERAL_NULL_CONVERSION = YES;
				CLANG_WARN_OBJC_IMPLICIT_RETAIN_SELF = YES;
				CLANG_WARN_OBJC_LITERAL_CONVERSION = YES;
				CLANG_WARN_OBJC_ROOT_CLASS = YES_ERROR;
				CLANG_WARN_QUOTED_INCLUDE_IN_FRAMEWORK_HEADER = YES;
				CLANG_WARN_RANGE_LOOP_ANALYSIS = YES;
				CLANG_WARN_STRICT_PROTOTYPES = YES;
				CLANG_WARN_SUSPICIOUS_MOVE = YES;
				CLANG_WARN_UNGUARDED_AVAILABILITY = YES_AGGRESSIVE;
				CLANG_WARN_UNREACHABLE_CODE = YES;
				CLANG_WARN__DUPLICATE_METHOD_MATCH = YES;
				COPY_PHASE_STRIP = NO;
				DEBUG_INFORMATION_FORMAT = "dwarf-with-dsym";
				ENABLE_NS_ASSERTIONS = NO;
				ENABLE_STRICT_OBJC_MSGSEND = YES;
				GCC_C_LANGUAGE_STANDARD = gnu11;
				GCC_NO_COMMON_BLOCKS = YES;
				GCC_WARN_64_TO_32_BIT_CONVERSION = YES;
				GCC_WARN_ABOUT_RETURN_TYPE = YES_ERROR;
				GCC_WARN_UNDECLARED_SELECTOR = YES;
				GCC_WARN_UNINITIALIZED_AUTOS = YES_AGGRESSIVE;
				GCC_WARN_UNUSED_FUNCTION = YES;
				GCC_WARN_UNUSED_VARIABLE = YES;
				IPHONEOS_DEPLOYMENT_TARGET = 14.4;
				MTL_ENABLE_DEBUG_INFO = NO;
				MTL_FAST_MATH = YES;
				SDKROOT = iphoneos;
				SWIFT_COMPILATION_MODE = wholemodule;
				SWIFT_OPTIMIZATION_LEVEL = "-O";
				VALIDATE_PRODUCT = YES;
			};
			name = Release;
		};
		F028521E25D5FF5C009FEB11 /* Debug */ = {
			isa = XCBuildConfiguration;
			buildSettings = {
				ASSETCATALOG_COMPILER_APPICON_NAME = AppIcon;
				ASSETCATALOG_COMPILER_GLOBAL_ACCENT_COLOR_NAME = AccentColor;
				CODE_SIGN_STYLE = Automatic;
				DEVELOPMENT_TEAM = JS9FB3TADW;
				INFOPLIST_FILE = Form2FlyMLKitTest/Info.plist;
				LD_RUNPATH_SEARCH_PATHS = (
					"$(inherited)",
					"@executable_path/Frameworks",
				);
				PRODUCT_BUNDLE_IDENTIFIER = net.mytechportfolio.Form2FlyMLKitTest;
				PRODUCT_NAME = "$(TARGET_NAME)";
				SWIFT_VERSION = 5.0;
				TARGETED_DEVICE_FAMILY = "1,2";
			};
			name = Debug;
		};
		F028521F25D5FF5C009FEB11 /* Release */ = {
			isa = XCBuildConfiguration;
			buildSettings = {
				ASSETCATALOG_COMPILER_APPICON_NAME = AppIcon;
				ASSETCATALOG_COMPILER_GLOBAL_ACCENT_COLOR_NAME = AccentColor;
				CODE_SIGN_STYLE = Automatic;
				DEVELOPMENT_TEAM = JS9FB3TADW;
				INFOPLIST_FILE = Form2FlyMLKitTest/Info.plist;
				LD_RUNPATH_SEARCH_PATHS = (
					"$(inherited)",
					"@executable_path/Frameworks",
				);
				PRODUCT_BUNDLE_IDENTIFIER = net.mytechportfolio.Form2FlyMLKitTest;
				PRODUCT_NAME = "$(TARGET_NAME)";
				SWIFT_VERSION = 5.0;
				TARGETED_DEVICE_FAMILY = "1,2";
			};
			name = Release;
		};
/* End XCBuildConfiguration section */

/* Begin XCConfigurationList section */
		F028520425D5FF5B009FEB11 /* Build configuration list for PBXProject "Form2FlyMLKitTest" */ = {
			isa = XCConfigurationList;
			buildConfigurations = (
				F028521B25D5FF5C009FEB11 /* Debug */,
				F028521C25D5FF5C009FEB11 /* Release */,
			);
			defaultConfigurationIsVisible = 0;
			defaultConfigurationName = Release;
		};
		F028521D25D5FF5C009FEB11 /* Build configuration list for PBXNativeTarget "Form2FlyMLKitTest" */ = {
			isa = XCConfigurationList;
			buildConfigurations = (
				F028521E25D5FF5C009FEB11 /* Debug */,
				F028521F25D5FF5C009FEB11 /* Release */,
			);
			defaultConfigurationIsVisible = 0;
			defaultConfigurationName = Release;
		};
/* End XCConfigurationList section */
	};
	rootObject = F028520125D5FF5B009FEB11 /* Project object */;
}
